<?xml version="1.0" encoding="utf-8"?>
<Project ToolsVersion="4.0" xmlns="http://schemas.microsoft.com/developer/msbuild/2003">
  <ItemGroup>
    <Filter Include="Source Files">
      <UniqueIdentifier>{4FC737F1-C7A5-4376-A066-2A32D752A2FF}</UniqueIdentifier>
      <Extensions>cpp;cxx;c;def</Extensions>
    </Filter>
    <Filter Include="Header Files">
      <UniqueIdentifier>{93995380-89BD-4b04-88EB-625FBE52EBFB}</UniqueIdentifier>
      <Extensions>h</Extensions>
    </Filter>
    <Filter Include="Form Files">
      <UniqueIdentifier>{99349809-55BA-4b9d-BF79-8FDBB0286EB3}</UniqueIdentifier>
      <Extensions>ui</Extensions>
    </Filter>
    <Filter Include="Resource Files">
      <UniqueIdentifier>{D9D6E242-F8AF-46E4-B9FD-80ECBC20BA3E}</UniqueIdentifier>
      <Extensions>qrc;*</Extensions>
      <ParseFiles>false</ParseFiles>
    </Filter>
    <Filter Include="Generated Files">
      <UniqueIdentifier>{71ED8ED8-ACB9-4CE9-BBE1-E00B30144E11}</UniqueIdentifier>
      <Extensions>moc;h;cpp</Extensions>
      <SourceControlFiles>False</SourceControlFiles>
    </Filter>
    <Filter Include="Generated Files\Debug">
      <UniqueIdentifier>{70ce2a48-2a1d-4365-affb-525be62f24c0}</UniqueIdentifier>
      <Extensions>cpp;moc</Extensions>
      <SourceControlFiles>False</SourceControlFiles>
    </Filter>
    <Filter Include="Generated Files\Release">
      <UniqueIdentifier>{a88e48b7-2bc9-4d7e-a834-51c855a628b2}</UniqueIdentifier>
      <Extensions>cpp;moc</Extensions>
      <SourceControlFiles>False</SourceControlFiles>
    </Filter>
  </ItemGroup>
  <ItemGroup>
    <ClCompile Include="main.cpp">
      <Filter>Source Files</Filter>
    </ClCompile>
    <ClCompile Include="mainwidget.cpp">
      <Filter>Source Files</Filter>
    </ClCompile>
    <ClCompile Include="GeneratedFiles\Debug\moc_mainwidget.cpp">
      <Filter>Generated Files\Debug</Filter>
    </ClCompile>
    <ClCompile Include="GeneratedFiles\Release\moc_mainwidget.cpp">
      <Filter>Generated Files\Release</Filter>
    </ClCompile>
    <ClCompile Include="GeneratedFiles\qrc_mainwidget.cpp">
      <Filter>Generated Files</Filter>
    </ClCompile>
    <ClCompile Include="GeneratedFiles\Debug\moc_ScanMainGUI.cpp">
      <Filter>Generated Files\Debug</Filter>
    </ClCompile>
    <ClCompile Include="GeneratedFiles\Release\moc_ScanMainGUI.cpp">
      <Filter>Generated Files\Release</Filter>
    </ClCompile>
    <ClCompile Include="ScanMainGUI.cpp">
      <Filter>Source Files</Filter>
    </ClCompile>
    <ClCompile Include="GeneratedFiles\Debug\moc_TabMainGUI.cpp">
      <Filter>Generated Files\Debug</Filter>
    </ClCompile>
    <ClCompile Include="GeneratedFiles\Release\moc_TabMainGUI.cpp">
      <Filter>Generated Files\Release</Filter>
    </ClCompile>
    <ClCompile Include="TabMainGUI.cpp">
      <Filter>Source Files</Filter>
    </ClCompile>
    <ClCompile Include="GeneratedFiles\Debug\moc_ControlThread.cpp">
      <Filter>Generated Files\Debug</Filter>
    </ClCompile>
    <ClCompile Include="GeneratedFiles\Release\moc_ControlThread.cpp">
      <Filter>Generated Files\Release</Filter>
    </ClCompile>
    <ClCompile Include="ControlThread.cpp">
      <Filter>Source Files</Filter>
    </ClCompile>
    <ClCompile Include="GeneratedFiles\Debug\moc_ComputeThread.cpp">
      <Filter>Generated Files\Debug</Filter>
    </ClCompile>
    <ClCompile Include="GeneratedFiles\Release\moc_ComputeThread.cpp">
      <Filter>Generated Files\Release</Filter>
    </ClCompile>
    <ClCompile Include="ComputeThread.cpp">
      <Filter>Source Files</Filter>
    </ClCompile>
    <ClCompile Include="GeneratedFiles\Debug\moc_ScanTipWidget.cpp">
      <Filter>Generated Files\Debug</Filter>
    </ClCompile>
    <ClCompile Include="GeneratedFiles\Release\moc_ScanTipWidget.cpp">
      <Filter>Generated Files\Release</Filter>
    </ClCompile>
    <ClCompile Include="ScanTipWidget.cpp">
      <Filter>Source Files</Filter>
    </ClCompile>
    <ClCompile Include="VTK_render.cpp">
      <Filter>Source Files</Filter>
    </ClCompile>
    <ClCompile Include="basetype.cpp">
      <Filter>Source Files</Filter>
    </ClCompile>
    <ClCompile Include="GeneratedFiles\Debug\moc_glWidget.cpp">
      <Filter>Generated Files\Debug</Filter>
    </ClCompile>
    <ClCompile Include="GeneratedFiles\Release\moc_glWidget.cpp">
      <Filter>Generated Files\Release</Filter>
    </ClCompile>
    <ClCompile Include="glwidget.cpp">
      <Filter>Source Files</Filter>
    </ClCompile>
    <ClCompile Include="3DScan.cpp">
      <Filter>Source Files</Filter>
    </ClCompile>
    <ClCompile Include="Factor.cpp">
      <Filter>Source Files</Filter>
    </ClCompile>
    <ClCompile Include="Geometry.cpp">
      <Filter>Source Files</Filter>
    </ClCompile>
    <ClCompile Include="MarchingCubes.cpp">
      <Filter>Source Files</Filter>
    </ClCompile>
    <ClCompile Include="plyfile.cpp">
      <Filter>Source Files</Filter>
    </ClCompile>
    <ClCompile Include="prTime.cpp">
      <Filter>Source Files</Filter>
    </ClCompile>
    <ClCompile Include="CmdLineParser.cpp">
      <Filter>Source Files</Filter>
    </ClCompile>
  </ItemGroup>
  <ItemGroup>
    <CustomBuild Include="mainwidget.h">
      <Filter>Header Files</Filter>
    </CustomBuild>
    <CustomBuild Include="mainwidget.ui">
      <Filter>Form Files</Filter>
    </CustomBuild>
    <CustomBuild Include="mainwidget.qrc">
      <Filter>Resource Files</Filter>
    </CustomBuild>
    <CustomBuild Include="TabMainGUI.ui">
      <Filter>Form Files</Filter>
    </CustomBuild>
    <CustomBuild Include="ScanMainGUI.h">
      <Filter>Header Files</Filter>
    </CustomBuild>
    <CustomBuild Include="ScanMainGUI.ui">
      <Filter>Form Files</Filter>
    </CustomBuild>
    <CustomBuild Include="TabMainGUI.h">
      <Filter>Header Files</Filter>
    </CustomBuild>
    <CustomBuild Include="ControlThread.h">
      <Filter>Header Files</Filter>
    </CustomBuild>
    <CustomBuild Include="ComputeThread.h">
      <Filter>Header Files</Filter>
    </CustomBuild>
    <CustomBuild Include="ScanTipWidget.h">
      <Filter>Header Files</Filter>
    </CustomBuild>
    <CustomBuild Include="ScanTipWidget.ui">
      <Filter>Form Files</Filter>
    </CustomBuild>
    <CustomBuild Include="glWidget.h">
      <Filter>Header Files</Filter>
    </CustomBuild>
  </ItemGroup>
  <ItemGroup>
    <ClInclude Include="GeneratedFiles\ui_mainwidget.h">
      <Filter>Generated Files</Filter>
    </ClInclude>
    <ClInclude Include="GeneratedFiles\ui_TabMainGUI.h">
      <Filter>Generated Files</Filter>
    </ClInclude>
    <ClInclude Include="GeneratedFiles\ui_ScanMainGUI.h">
      <Filter>Generated Files</Filter>
    </ClInclude>
    <ClInclude Include="GeneratedFiles\ui_ScanTipWidget.h">
      <Filter>Generated Files</Filter>
    </ClInclude>
    <ClInclude Include="VTk_render.h">
      <Filter>Header Files</Filter>
    </ClInclude>
    <ClInclude Include="octree.hpp">
      <Filter>Header Files</Filter>
    </ClInclude>
    <ClInclude Include="features.hpp">
      <Filter>Header Files</Filter>
    </ClInclude>
    <ClInclude Include="include\3DScan.h">
      <Filter>Header Files</Filter>
    </ClInclude>
  </ItemGroup>
  <ItemGroup>
    <None Include="gl2.fs">
      <Filter>Resource Files</Filter>
    </None>
    <None Include="gl2.vs">
      <Filter>Resource Files</Filter>
    </None>
  </ItemGroup>
</Project>